<?xml version="1.0" encoding="utf-8"?>
<Project ToolsVersion="4.0" xmlns="http://schemas.microsoft.com/developer/msbuild/2003">
  <ItemGroup>
    <Filter Include="Source Files">
      <UniqueIdentifier>{4FC737F1-C7A5-4376-A066-2A32D752A2FF}</UniqueIdentifier>
      <Extensions>cpp;c;cc;cxx;c++;cppm;ixx;def;odl;idl;hpj;bat;asm;asmx</Extensions>
    </Filter>
    <Filter Include="Header Files">
      <UniqueIdentifier>{93995380-89BD-4b04-88EB-625FBE52EBFB}</UniqueIdentifier>
      <Extensions>h;hh;hpp;hxx;h++;hm;inl;inc;ipp;xsd</Extensions>
    </Filter>
    <Filter Include="Resource Files">
      <UniqueIdentifier>{67DA6AB6-F800-4c08-8B7A-83BB121AAD01}</UniqueIdentifier>
      <Extensions>rc;ico;cur;bmp;dlg;rc2;rct;bin;rgs;gif;jpg;jpeg;jpe;resx;tiff;tif;png;wav;mfcribbon-ms</Extensions>
    </Filter>
  </ItemGroup>
  <ItemGroup>
    <ClCompile Include="macro_constant.c">
      <Filter>Source Files</Filter>
    </ClCompile>
    <ClCompile Include="constant_demo.c">
      <Filter>Source Files</Filter>
    </ClCompile>
    <ClCompile Include="judge_const.c">
      <Filter>Source Files</Filter>
    </ClCompile>
    <ClCompile Include="literal.c">
      <Filter>Source Files</Filter>
    </ClCompile>
    <ClCompile Include="literal_more.c">
      <Filter>Source Files</Filter>
    </ClCompile>
    <ClCompile Include="ascii_to_number.c">
      <Filter>Source Files</Filter>
    </ClCompile>
    <ClCompile Include="break_for.c">
      <Filter>Source Files</Filter>
    </ClCompile>
    <ClCompile Include="break_infinite_loop.c">
      <Filter>Source Files</Filter>
    </ClCompile>
    <ClCompile Include="break_demo.c">
      <Filter>Source Files</Filter>
    </ClCompile>
    <ClCompile Include="while_sum_break.c">
      <Filter>Source Files</Filter>
    </ClCompile>
    <ClCompile Include="for_if_continue.c">
      <Filter>Source Files</Filter>
    </ClCompile>
    <ClCompile Include="continue_demo.c">
      <Filter>Source Files</Filter>
    </ClCompile>
    <ClCompile Include="goto_demo.c">
      <Filter>Source Files</Filter>
    </ClCompile>
    <ClCompile Include="while_break.c">
      <Filter>Source Files</Filter>
    </ClCompile>
    <ClCompile Include="bit_and.c">
      <Filter>Source Files</Filter>
    </ClCompile>
    <ClCompile Include="union_demo.c">
      <Filter>Source Files</Filter>
    </ClCompile>
    <ClCompile Include="power.c">
      <Filter>Source Files</Filter>
    </ClCompile>
    <ClCompile Include="array_student.c">
      <Filter>Source Files</Filter>
    </ClCompile>
    <ClCompile Include="array_two_description.c">
      <Filter>Source Files</Filter>
    </ClCompile>
    <ClCompile Include="array_two1.c">
      <Filter>Source Files</Filter>
    </ClCompile>
    <ClCompile Include="array_two2.c">
      <Filter>Source Files</Filter>
    </ClCompile>
    <ClCompile Include="array_two_for.c">
      <Filter>Source Files</Filter>
    </ClCompile>
    <ClCompile Include="struct_demo.c">
      <Filter>Source Files</Filter>
    </ClCompile>
    <ClCompile Include="struct_description.c">
      <Filter>Source Files</Filter>
    </ClCompile>
    <ClCompile Include="bubble_sort.c">
      <Filter>Source Files</Filter>
    </ClCompile>
    <ClCompile Include="pow_sqrt.c">
      <Filter>Source Files</Filter>
    </ClCompile>
    <ClCompile Include="variable_address.c">
      <Filter>Source Files</Filter>
    </ClCompile>
    <ClCompile Include="pointer_variable.c">
      <Filter>Source Files</Filter>
    </ClCompile>
    <ClCompile Include="string_copy.c">
      <Filter>Source Files</Filter>
    </ClCompile>
    <ClCompile Include="pointer_address.c">
      <Filter>Source Files</Filter>
    </ClCompile>
    <ClCompile Include="timestable.c">
      <Filter>Source Files</Filter>
    </ClCompile>
    <ClCompile Include="hello_world.c">
      <Filter>Source Files</Filter>
    </ClCompile>
    <ClCompile Include="main_simple.c">
      <Filter>Source Files</Filter>
    </ClCompile>
    <ClCompile Include="brace_location.c">
      <Filter>Source Files</Filter>
    </ClCompile>
    <ClCompile Include="whitespace.c">
      <Filter>Source Files</Filter>
    </ClCompile>
    <ClCompile Include="casesensitive.c">
      <Filter>Source Files</Filter>
    </ClCompile>
    <ClCompile Include="storage_class_1.c">
      <Filter>Source Files</Filter>
    </ClCompile>
    <ClCompile Include="enumeration_demo.c">
      <Filter>Source Files</Filter>
    </ClCompile>
    <ClCompile Include="enum_animal.c">
      <Filter>Source Files</Filter>
    </ClCompile>
    <ClCompile Include="enum_index.c">
      <Filter>Source Files</Filter>
    </ClCompile>
    <ClCompile Include="enum_index_change.c">
      <Filter>Source Files</Filter>
    </ClCompile>
    <ClCompile Include="storage_class_2.c">
      <Filter>Source Files</Filter>
    </ClCompile>
    <ClCompile Include="storage_class_3.c">
      <Filter>Source Files</Filter>
    </ClCompile>
    <ClCompile Include="only_multiples.c">
      <Filter>Source Files</Filter>
    </ClCompile>
    <ClCompile Include="sring_reverse_english.c">
      <Filter>Source Files</Filter>
    </ClCompile>
    <ClCompile Include="empty_statement.c">
      <Filter>Source Files</Filter>
    </ClCompile>
    <ClCompile Include="print_format_demo.c">
      <Filter>Source Files</Filter>
    </ClCompile>
    <ClCompile Include="new_line.c">
      <Filter>Source Files</Filter>
    </ClCompile>
    <ClCompile Include="indent.c">
      <Filter>Source Files</Filter>
    </ClCompile>
    <ClCompile Include="comment.c">
      <Filter>Source Files</Filter>
    </ClCompile>
    <ClCompile Include="single_line_comment.c">
      <Filter>Source Files</Filter>
    </ClCompile>
    <ClCompile Include="multi_line_comment.c">
      <Filter>Source Files</Filter>
    </ClCompile>
    <ClCompile Include="escape_sequence.c">
      <Filter>Source Files</Filter>
    </ClCompile>
    <ClCompile Include="print_format.c">
      <Filter>Source Files</Filter>
    </ClCompile>
    <ClCompile Include="output_demo.c">
      <Filter>Source Files</Filter>
    </ClCompile>
    <ClCompile Include="variable.c">
      <Filter>Source Files</Filter>
    </ClCompile>
    <ClCompile Include="variable_note.c">
      <Filter>Source Files</Filter>
    </ClCompile>
    <ClCompile Include="garbage.c">
      <Filter>Source Files</Filter>
    </ClCompile>
    <ClCompile Include="variable_demo.c">
      <Filter>Source Files</Filter>
    </ClCompile>
    <ClCompile Include="variable_initialize.c">
      <Filter>Source Files</Filter>
    </ClCompile>
    <ClCompile Include="integer_value.c">
      <Filter>Source Files</Filter>
    </ClCompile>
    <ClCompile Include="variable_comma.c">
      <Filter>Source Files</Filter>
    </ClCompile>
    <ClCompile Include="variable_same_value.c">
      <Filter>Source Files</Filter>
    </ClCompile>
    <ClCompile Include="number_literal.c">
      <Filter>Source Files</Filter>
    </ClCompile>
    <ClCompile Include="integer_demo.c">
      <Filter>Source Files</Filter>
    </ClCompile>
    <ClCompile Include="type_def.c">
      <Filter>Source Files</Filter>
    </ClCompile>
    <ClCompile Include="floating_point.c">
      <Filter>Source Files</Filter>
    </ClCompile>
    <ClCompile Include="_.c">
      <Filter>Source Files</Filter>
    </ClCompile>
    <ClCompile Include="float_demo.c">
      <Filter>Source Files</Filter>
    </ClCompile>
    <ClCompile Include="integer_type.c">
      <Filter>Source Files</Filter>
    </ClCompile>
    <ClCompile Include="unsigned_integer_type.c">
      <Filter>Source Files</Filter>
    </ClCompile>
    <ClCompile Include="signed_integer.c">
      <Filter>Source Files</Filter>
    </ClCompile>
    <ClCompile Include="character_demo.c">
      <Filter>Source Files</Filter>
    </ClCompile>
    <ClCompile Include="string_demo.c">
      <Filter>Source Files</Filter>
    </ClCompile>
    <ClCompile Include="string_with_char_array.c">
      <Filter>Source Files</Filter>
    </ClCompile>
    <ClCompile Include="string.c">
      <Filter>Source Files</Filter>
    </ClCompile>
    <ClCompile Include="judge_variable.c">
      <Filter>Source Files</Filter>
    </ClCompile>
    <ClCompile Include="judge_string.c">
      <Filter>Source Files</Filter>
    </ClCompile>
    <ClCompile Include="operator_description.c">
      <Filter>Source Files</Filter>
    </ClCompile>
    <ClCompile Include="abs_api.c">
      <Filter>Source Files</Filter>
    </ClCompile>
    <ClCompile Include="div_mod.c">
      <Filter>Source Files</Filter>
    </ClCompile>
    <ClCompile Include="ceil_floor.c">
      <Filter>Source Files</Filter>
    </ClCompile>
    <ClCompile Include="modf.c">
      <Filter>Source Files</Filter>
    </ClCompile>
    <ClCompile Include="character_escape_sequence.c">
      <Filter>Source Files</Filter>
    </ClCompile>
    <ClCompile Include="immutable.c">
      <Filter>Source Files</Filter>
    </ClCompile>
    <ClCompile Include="const_double_string.c">
      <Filter>Source Files</Filter>
    </ClCompile>
    <ClCompile Include="bool_demo.c">
      <Filter>Source Files</Filter>
    </ClCompile>
    <ClCompile Include="boolean_demo.c">
      <Filter>Source Files</Filter>
    </ClCompile>
    <ClCompile Include="getchar_putchar.c">
      <Filter>Source Files</Filter>
    </ClCompile>
    <ClCompile Include="gets_puts.c">
      <Filter>Source Files</Filter>
    </ClCompile>
    <ClCompile Include="unary_operator.c">
      <Filter>Source Files</Filter>
    </ClCompile>
    <ClCompile Include="address_operator.c">
      <Filter>Source Files</Filter>
    </ClCompile>
    <ClCompile Include="casting_operator.c">
      <Filter>Source Files</Filter>
    </ClCompile>
    <ClCompile Include="operator_subtract.c">
      <Filter>Source Files</Filter>
    </ClCompile>
    <ClCompile Include="operator_multiply.c">
      <Filter>Source Files</Filter>
    </ClCompile>
    <ClCompile Include="assignment_operator.c">
      <Filter>Source Files</Filter>
    </ClCompile>
    <ClCompile Include="swap_demo.c">
      <Filter>Source Files</Filter>
    </ClCompile>
    <ClCompile Include="increment_number.c">
      <Filter>Source Files</Filter>
    </ClCompile>
    <ClCompile Include="decrement_number.c">
      <Filter>Source Files</Filter>
    </ClCompile>
    <ClCompile Include="shortcut_operator.c">
      <Filter>Source Files</Filter>
    </ClCompile>
    <ClCompile Include="shortcut_operator_demo.c">
      <Filter>Source Files</Filter>
    </ClCompile>
    <ClCompile Include="increment_operator.c">
      <Filter>Source Files</Filter>
    </ClCompile>
    <ClCompile Include="decrement_operator.c">
      <Filter>Source Files</Filter>
    </ClCompile>
    <ClCompile Include="prefix_operator.c">
      <Filter>Source Files</Filter>
    </ClCompile>
    <ClCompile Include="postfix_operator.c">
      <Filter>Source Files</Filter>
    </ClCompile>
    <ClCompile Include="and_operator.c">
      <Filter>Source Files</Filter>
    </ClCompile>
    <ClCompile Include="logical_and.c">
      <Filter>Source Files</Filter>
    </ClCompile>
    <ClCompile Include="or_operator.c">
      <Filter>Source Files</Filter>
    </ClCompile>
    <ClCompile Include="logical_or.c">
      <Filter>Source Files</Filter>
    </ClCompile>
    <ClCompile Include="logical_not.c">
      <Filter>Source Files</Filter>
    </ClCompile>
    <ClCompile Include="switch_expression.c">
      <Filter>Source Files</Filter>
    </ClCompile>
    <ClCompile Include="switch.c">
      <Filter>Source Files</Filter>
    </ClCompile>
    <ClCompile Include="switch_statement.c">
      <Filter>Source Files</Filter>
    </ClCompile>
    <ClCompile Include="switch_weather.c">
      <Filter>Source Files</Filter>
    </ClCompile>
    <ClCompile Include="sequence_demo.c">
      <Filter>Source Files</Filter>
    </ClCompile>
    <ClCompile Include="if.c">
      <Filter>Source Files</Filter>
    </ClCompile>
    <ClCompile Include="single_multiple.c">
      <Filter>Source Files</Filter>
    </ClCompile>
    <ClCompile Include="if_demo.c">
      <Filter>Source Files</Filter>
    </ClCompile>
    <ClCompile Include="if_not.c">
      <Filter>Source Files</Filter>
    </ClCompile>
    <ClCompile Include="if_nested.c">
      <Filter>Source Files</Filter>
    </ClCompile>
    <ClCompile Include="if_and.c">
      <Filter>Source Files</Filter>
    </ClCompile>
    <ClCompile Include="else_note.c">
      <Filter>Source Files</Filter>
    </ClCompile>
    <ClCompile Include="else.c">
      <Filter>Source Files</Filter>
    </ClCompile>
    <ClCompile Include="if_else.c">
      <Filter>Source Files</Filter>
    </ClCompile>
    <ClCompile Include="greater_than_equal.c">
      <Filter>Source Files</Filter>
    </ClCompile>
    <ClCompile Include="num_difference.c">
      <Filter>Source Files</Filter>
    </ClCompile>
    <ClCompile Include="char_test.c">
      <Filter>Source Files</Filter>
    </ClCompile>
    <ClCompile Include="else_nested.c">
      <Filter>Source Files</Filter>
    </ClCompile>
    <ClCompile Include="if_else_score_grade.c">
      <Filter>Source Files</Filter>
    </ClCompile>
    <ClCompile Include="if_else_if_else.c">
      <Filter>Source Files</Filter>
    </ClCompile>
    <ClCompile Include="positive_negative_zero.c">
      <Filter>Source Files</Filter>
    </ClCompile>
    <ClCompile Include="else_if.c">
      <Filter>Source Files</Filter>
    </ClCompile>
    <ClCompile Include="score_grade.c">
      <Filter>Source Files</Filter>
    </ClCompile>
    <ClCompile Include="if_else_all.c">
      <Filter>Source Files</Filter>
    </ClCompile>
    <ClCompile Include="alphabet.c">
      <Filter>Source Files</Filter>
    </ClCompile>
    <ClCompile Include="ctype_demo.c">
      <Filter>Source Files</Filter>
    </ClCompile>
    <ClCompile Include="toupper_tolower.c">
      <Filter>Source Files</Filter>
    </ClCompile>
    <ClCompile Include="strcat_strncat.c">
      <Filter>Source Files</Filter>
    </ClCompile>
    <ClCompile Include="strcmp.c">
      <Filter>Source Files</Filter>
    </ClCompile>
    <ClCompile Include="relational_operator.c">
      <Filter>Source Files</Filter>
    </ClCompile>
    <ClCompile Include="operator_relational.c">
      <Filter>Source Files</Filter>
    </ClCompile>
    <ClCompile Include="bit_or.c">
      <Filter>Source Files</Filter>
    </ClCompile>
    <ClCompile Include="while_description.c">
      <Filter>Source Files</Filter>
    </ClCompile>
    <ClCompile Include="atoi_function.c">
      <Filter>Source Files</Filter>
    </ClCompile>
    <ClCompile Include="atof_function.c">
      <Filter>Source Files</Filter>
    </ClCompile>
    <ClCompile Include="for_description.c">
      <Filter>Source Files</Filter>
    </ClCompile>
    <ClCompile Include="for_description_up.c">
      <Filter>Source Files</Filter>
    </ClCompile>
    <ClCompile Include="for.c">
      <Filter>Source Files</Filter>
    </ClCompile>
    <ClCompile Include="for_increment.c">
      <Filter>Source Files</Filter>
    </ClCompile>
    <ClCompile Include="for_sum.c">
      <Filter>Source Files</Filter>
    </ClCompile>
    <ClCompile Include="for_sum_even.c">
      <Filter>Source Files</Filter>
    </ClCompile>
    <ClCompile Include="sum100.c">
      <Filter>Source Files</Filter>
    </ClCompile>
    <ClCompile Include="for_demo_countdown.c">
      <Filter>Source Files</Filter>
    </ClCompile>
    <ClCompile Include="for_even.c">
      <Filter>Source Files</Filter>
    </ClCompile>
    <ClCompile Include="for_demo.c">
      <Filter>Source Files</Filter>
    </ClCompile>
    <ClCompile Include="for_triangle.c">
      <Filter>Source Files</Filter>
    </ClCompile>
    <ClCompile Include="infinite_loop.c">
      <Filter>Source Files</Filter>
    </ClCompile>
    <ClCompile Include="for_factorial.c">
      <Filter>Source Files</Filter>
    </ClCompile>
    <ClCompile Include="sum_algorithm.c">
      <Filter>Source Files</Filter>
    </ClCompile>
    <ClCompile Include="bit_xor.c">
      <Filter>Source Files</Filter>
    </ClCompile>
    <ClCompile Include="bit_not.c">
      <Filter>Source Files</Filter>
    </ClCompile>
    <ClCompile Include="while_sum.c">
      <Filter>Source Files</Filter>
    </ClCompile>
    <ClCompile Include="while_even.c">
      <Filter>Source Files</Filter>
    </ClCompile>
    <ClCompile Include="while_fibonacci.c">
      <Filter>Source Files</Filter>
    </ClCompile>
    <ClCompile Include="while_demo.c">
      <Filter>Source Files</Filter>
    </ClCompile>
    <ClCompile Include="while_loop.c">
      <Filter>Source Files</Filter>
    </ClCompile>
    <ClCompile Include="while_decrement.c">
      <Filter>Source Files</Filter>
    </ClCompile>
    <ClCompile Include="do_while.c">
      <Filter>Source Files</Filter>
    </ClCompile>
    <ClCompile Include="do_while_sum.c">
      <Filter>Source Files</Filter>
    </ClCompile>
    <ClCompile Include="do_while_demo.c">
      <Filter>Source Files</Filter>
    </ClCompile>
    <ClCompile Include="array_same_index.c">
      <Filter>Source Files</Filter>
    </ClCompile>
    <ClCompile Include="array_sum_average.c">
      <Filter>Source Files</Filter>
    </ClCompile>
    <ClCompile Include="array_three_description.c">
      <Filter>Source Files</Filter>
    </ClCompile>
    <ClCompile Include="array_three.c">
      <Filter>Source Files</Filter>
    </ClCompile>
    <ClCompile Include="array_description.c">
      <Filter>Source Files</Filter>
    </ClCompile>
    <ClCompile Include="array_one1.c">
      <Filter>Source Files</Filter>
    </ClCompile>
    <ClCompile Include="array_one2.c">
      <Filter>Source Files</Filter>
    </ClCompile>
    <ClCompile Include="array_one3.c">
      <Filter>Source Files</Filter>
    </ClCompile>
    <ClCompile Include="array_total_avg.c">
      <Filter>Source Files</Filter>
    </ClCompile>
    <ClCompile Include="struct_practice.c">
      <Filter>Source Files</Filter>
    </ClCompile>
    <ClCompile Include="memory_allocation.c">
      <Filter>Source Files</Filter>
    </ClCompile>
    <ClCompile Include="parameter_out.c">
      <Filter>Source Files</Filter>
    </ClCompile>
    <ClCompile Include="file_open_demo.c">
      <Filter>Source Files</Filter>
    </ClCompile>
    <ClCompile Include="variable_practice.c">
      <Filter>Source Files</Filter>
    </ClCompile>
    <ClCompile Include="global-variable-int.c">
      <Filter>Source Files</Filter>
    </ClCompile>
    <ClCompile Include="local_variable.c">
      <Filter>Source Files</Filter>
    </ClCompile>
    <ClCompile Include="pointer_variable_five.c">
      <Filter>Source Files</Filter>
    </ClCompile>
    <ClCompile Include="pointer_one_array.c">
      <Filter>Source Files</Filter>
    </ClCompile>
    <ClCompile Include="pointer_array.c">
      <Filter>Source Files</Filter>
    </ClCompile>
    <ClCompile Include="pointer_integer.c">
      <Filter>Source Files</Filter>
    </ClCompile>
    <ClCompile Include="get_ordinal.c">
      <Filter>Source Files</Filter>
    </ClCompile>
    <ClCompile Include="exam-sum-average.c">
      <Filter>Source Files</Filter>
    </ClCompile>
    <ClCompile Include="judge_average.c">
      <Filter>Source Files</Filter>
    </ClCompile>
    <ClCompile Include="judge_digit_number.c">
      <Filter>Source Files</Filter>
    </ClCompile>
    <ClCompile Include="valuetype-referencetype.c">
      <Filter>Source Files</Filter>
    </ClCompile>
    <ClCompile Include="pointer_reference.c">
      <Filter>Source Files</Filter>
    </ClCompile>
    <ClCompile Include="basic_structure.c">
      <Filter>Source Files</Filter>
    </ClCompile>
    <ClCompile Include="string_literal.c">
      <Filter>Source Files</Filter>
    </ClCompile>
    <ClCompile Include="calculation.c">
      <Filter>Source Files</Filter>
    </ClCompile>
    <ClCompile Include="integer_size.c">
      <Filter>Source Files</Filter>
    </ClCompile>
    <ClCompile Include="integer_overflow.c">
      <Filter>Source Files</Filter>
    </ClCompile>
    <ClCompile Include="float_print.c">
      <Filter>Source Files</Filter>
    </ClCompile>
    <ClCompile Include="char_array_string.c">
      <Filter>Source Files</Filter>
    </ClCompile>
    <ClCompile Include="char_array_strcpy.c">
      <Filter>Source Files</Filter>
    </ClCompile>
    <ClCompile Include="enum_direction.c">
      <Filter>Source Files</Filter>
    </ClCompile>
    <ClCompile Include="string_toupper.c">
      <Filter>Source Files</Filter>
    </ClCompile>
    <ClCompile Include="string_tolower.c">
      <Filter>Source Files</Filter>
    </ClCompile>
    <ClCompile Include="text_center.c">
      <Filter>Source Files</Filter>
    </ClCompile>
    <ClCompile Include="typedef_keyword.c">
      <Filter>Source Files</Filter>
    </ClCompile>
    <ClCompile Include="if_exam.c">
      <Filter>Source Files</Filter>
    </ClCompile>
    <ClCompile Include="if_practice.c">
      <Filter>Source Files</Filter>
    </ClCompile>
    <ClCompile Include="circle_area.c">
      <Filter>Source Files</Filter>
    </ClCompile>
    <ClCompile Include="rectangle_area.c">
      <Filter>Source Files</Filter>
    </ClCompile>
  </ItemGroup>
</Project>