<?xml version="1.0" encoding="utf-8"?>
<Project ToolsVersion="4.0" xmlns="http://schemas.microsoft.com/developer/msbuild/2003">
  <ItemGroup>
    <Filter Include="Source Files">
      <UniqueIdentifier>{4FC737F1-C7A5-4376-A066-2A32D752A2FF}</UniqueIdentifier>
      <Extensions>cpp;c;cc;cxx;c++;cppm;ixx;def;odl;idl;hpj;bat;asm;asmx</Extensions>
    </Filter>
    <Filter Include="Header Files">
      <UniqueIdentifier>{93995380-89BD-4b04-88EB-625FBE52EBFB}</UniqueIdentifier>
      <Extensions>h;hh;hpp;hxx;h++;hm;inl;inc;ipp;xsd</Extensions>
    </Filter>
    <Filter Include="Resource Files">
      <UniqueIdentifier>{67DA6AB6-F800-4c08-8B7A-83BB121AAD01}</UniqueIdentifier>
      <Extensions>rc;ico;cur;bmp;dlg;rc2;rct;bin;rgs;gif;jpg;jpeg;jpe;resx;tiff;tif;png;wav;mfcribbon-ms</Extensions>
    </Filter>
    <Filter Include="Source Files\06_Number">
      <UniqueIdentifier>{baeca320-b8b4-4dcf-9cb3-18fb2f249027}</UniqueIdentifier>
    </Filter>
    <Filter Include="Source Files\07_Other">
      <UniqueIdentifier>{5e3a0701-df55-405a-9e99-811888d187cf}</UniqueIdentifier>
    </Filter>
    <Filter Include="Source Files\09_Operator">
      <UniqueIdentifier>{aece1fa3-0673-4254-b9bb-d9613ae08da9}</UniqueIdentifier>
    </Filter>
    <Filter Include="Source Files\05_Variable">
      <UniqueIdentifier>{79de9f95-450a-4fa9-8bd2-b3e5e87d31ee}</UniqueIdentifier>
    </Filter>
    <Filter Include="Source Files\08_IO">
      <UniqueIdentifier>{c8dd5ae6-90ad-4be2-b656-4b15b10efca2}</UniqueIdentifier>
    </Filter>
    <Filter Include="Source Files\10_AssignmentIncrement">
      <UniqueIdentifier>{5d0e5124-107b-471e-ac31-27020378cde5}</UniqueIdentifier>
    </Filter>
    <Filter Include="Source Files\11-relational-logical">
      <UniqueIdentifier>{c1ce226e-b4ee-483e-b6a9-5131636b2e48}</UniqueIdentifier>
    </Filter>
    <Filter Include="Source Files\13_IfElse">
      <UniqueIdentifier>{f64e237b-ad00-473a-abc1-f2cec7ceead4}</UniqueIdentifier>
    </Filter>
    <Filter Include="Source Files\12_BitShiftConditional">
      <UniqueIdentifier>{1dc5ffc1-94d5-48e5-b32e-7f41de6505e6}</UniqueIdentifier>
    </Filter>
    <Filter Include="Source Files\14_Switch">
      <UniqueIdentifier>{6a9e8e5b-4012-49e0-b7d2-041240f5e93b}</UniqueIdentifier>
    </Filter>
    <Filter Include="Source Files\15_For">
      <UniqueIdentifier>{5ef216ee-97c4-409b-b8ce-6b7ca6e57f7f}</UniqueIdentifier>
    </Filter>
    <Filter Include="Source Files\16_WhileDoForEach">
      <UniqueIdentifier>{e6c76198-ccd9-4cda-9d97-d42281b38006}</UniqueIdentifier>
    </Filter>
    <Filter Include="Source Files\17_BreakContinueGoto">
      <UniqueIdentifier>{4252bdce-2e68-4da7-9145-dbaebc7cc1e8}</UniqueIdentifier>
    </Filter>
    <Filter Include="Source Files\18_Array">
      <UniqueIdentifier>{b34957b6-163d-41f2-a1b0-43e36251e6fa}</UniqueIdentifier>
    </Filter>
    <Filter Include="Source Files\19_Function">
      <UniqueIdentifier>{e5001a86-2183-4da4-b89d-63a2f0f918de}</UniqueIdentifier>
    </Filter>
    <Filter Include="Source Files\20_Interactive">
      <UniqueIdentifier>{fc35a5a7-5921-4a71-bf46-9485617b4baf}</UniqueIdentifier>
    </Filter>
    <Filter Include="Source Files\21_API">
      <UniqueIdentifier>{edf87186-238a-490d-a2fc-e7405b5ac328}</UniqueIdentifier>
    </Filter>
    <Filter Include="Source Files\22_Struct">
      <UniqueIdentifier>{5efa1c96-6f73-4aa6-bd01-e4b9ab6a3462}</UniqueIdentifier>
    </Filter>
    <Filter Include="Source Files\23_Enum">
      <UniqueIdentifier>{80839344-c33b-40b2-b231-729e235bda0e}</UniqueIdentifier>
    </Filter>
    <Filter Include="Source Files\24_Class">
      <UniqueIdentifier>{5aac3f4b-b535-4b17-a7ba-9186954b2500}</UniqueIdentifier>
    </Filter>
    <Filter Include="Source Files\25_String">
      <UniqueIdentifier>{1935fcc0-d32e-44dc-8ea8-f14f0ad2aab8}</UniqueIdentifier>
    </Filter>
    <Filter Include="Source Files\26_Exception">
      <UniqueIdentifier>{0ed32ec8-7b29-4977-8d47-74c8ce600ad5}</UniqueIdentifier>
    </Filter>
    <Filter Include="Source Files\27_Collection">
      <UniqueIdentifier>{3fe89b45-5f03-44d6-afb8-d324c2574397}</UniqueIdentifier>
    </Filter>
    <Filter Include="Source Files\29_Null">
      <UniqueIdentifier>{7bce1430-9aad-4bcb-8ce6-a3e3e02ae076}</UniqueIdentifier>
    </Filter>
    <Filter Include="Source Files\31_Algorithms">
      <UniqueIdentifier>{ef2d5f4e-f175-469f-af32-bf7e7d86d13d}</UniqueIdentifier>
    </Filter>
    <Filter Include="Source Files\58_IO">
      <UniqueIdentifier>{511b3b06-95ad-486a-b480-7e430f705bdd}</UniqueIdentifier>
    </Filter>
  </ItemGroup>
  <ItemGroup>
    <ClCompile Include="macro_constant.c">
      <Filter>Source Files</Filter>
    </ClCompile>
    <ClCompile Include="constant_demo.c">
      <Filter>Source Files</Filter>
    </ClCompile>
    <ClCompile Include="judge_const.c">
      <Filter>Source Files</Filter>
    </ClCompile>
    <ClCompile Include="literal.c">
      <Filter>Source Files</Filter>
    </ClCompile>
    <ClCompile Include="literal_more.c">
      <Filter>Source Files</Filter>
    </ClCompile>
    <ClCompile Include="ascii_to_number.c">
      <Filter>Source Files</Filter>
    </ClCompile>
    <ClCompile Include="break_for.c">
      <Filter>Source Files</Filter>
    </ClCompile>
    <ClCompile Include="break_infinite_loop.c">
      <Filter>Source Files</Filter>
    </ClCompile>
    <ClCompile Include="break_demo.c">
      <Filter>Source Files</Filter>
    </ClCompile>
    <ClCompile Include="while_sum_break.c">
      <Filter>Source Files</Filter>
    </ClCompile>
    <ClCompile Include="for_if_continue.c">
      <Filter>Source Files</Filter>
    </ClCompile>
    <ClCompile Include="continue_demo.c">
      <Filter>Source Files</Filter>
    </ClCompile>
    <ClCompile Include="goto_demo.c">
      <Filter>Source Files</Filter>
    </ClCompile>
    <ClCompile Include="while_break.c">
      <Filter>Source Files</Filter>
    </ClCompile>
    <ClCompile Include="union_demo.c">
      <Filter>Source Files</Filter>
    </ClCompile>
    <ClCompile Include="power.c">
      <Filter>Source Files</Filter>
    </ClCompile>
    <ClCompile Include="array_student.c">
      <Filter>Source Files</Filter>
    </ClCompile>
    <ClCompile Include="array_two_description.c">
      <Filter>Source Files</Filter>
    </ClCompile>
    <ClCompile Include="array_two1.c">
      <Filter>Source Files</Filter>
    </ClCompile>
    <ClCompile Include="array_two2.c">
      <Filter>Source Files</Filter>
    </ClCompile>
    <ClCompile Include="array_two_for.c">
      <Filter>Source Files</Filter>
    </ClCompile>
    <ClCompile Include="struct_demo.c">
      <Filter>Source Files</Filter>
    </ClCompile>
    <ClCompile Include="struct_description.c">
      <Filter>Source Files</Filter>
    </ClCompile>
    <ClCompile Include="bubble_sort.c">
      <Filter>Source Files</Filter>
    </ClCompile>
    <ClCompile Include="pow_sqrt.c">
      <Filter>Source Files</Filter>
    </ClCompile>
    <ClCompile Include="pointer_variable.c">
      <Filter>Source Files</Filter>
    </ClCompile>
    <ClCompile Include="string_copy.c">
      <Filter>Source Files</Filter>
    </ClCompile>
    <ClCompile Include="pointer_address.c">
      <Filter>Source Files</Filter>
    </ClCompile>
    <ClCompile Include="timestable.c">
      <Filter>Source Files</Filter>
    </ClCompile>
    <ClCompile Include="hello_world.c">
      <Filter>Source Files</Filter>
    </ClCompile>
    <ClCompile Include="main_simple.c">
      <Filter>Source Files</Filter>
    </ClCompile>
    <ClCompile Include="brace_location.c">
      <Filter>Source Files</Filter>
    </ClCompile>
    <ClCompile Include="whitespace.c">
      <Filter>Source Files</Filter>
    </ClCompile>
    <ClCompile Include="casesensitive.c">
      <Filter>Source Files</Filter>
    </ClCompile>
    <ClCompile Include="storage_class_1.c">
      <Filter>Source Files</Filter>
    </ClCompile>
    <ClCompile Include="enumeration_demo.c">
      <Filter>Source Files</Filter>
    </ClCompile>
    <ClCompile Include="enum_animal.c">
      <Filter>Source Files</Filter>
    </ClCompile>
    <ClCompile Include="enum_index.c">
      <Filter>Source Files</Filter>
    </ClCompile>
    <ClCompile Include="enum_index_change.c">
      <Filter>Source Files</Filter>
    </ClCompile>
    <ClCompile Include="storage_class_2.c">
      <Filter>Source Files</Filter>
    </ClCompile>
    <ClCompile Include="storage_class_3.c">
      <Filter>Source Files</Filter>
    </ClCompile>
    <ClCompile Include="only_multiples.c">
      <Filter>Source Files</Filter>
    </ClCompile>
    <ClCompile Include="sring_reverse_english.c">
      <Filter>Source Files</Filter>
    </ClCompile>
    <ClCompile Include="empty_statement.c">
      <Filter>Source Files</Filter>
    </ClCompile>
    <ClCompile Include="print_format_demo.c">
      <Filter>Source Files</Filter>
    </ClCompile>
    <ClCompile Include="new_line.c">
      <Filter>Source Files</Filter>
    </ClCompile>
    <ClCompile Include="indent.c">
      <Filter>Source Files</Filter>
    </ClCompile>
    <ClCompile Include="comment.c">
      <Filter>Source Files</Filter>
    </ClCompile>
    <ClCompile Include="single_line_comment.c">
      <Filter>Source Files</Filter>
    </ClCompile>
    <ClCompile Include="multi_line_comment.c">
      <Filter>Source Files</Filter>
    </ClCompile>
    <ClCompile Include="escape_sequence.c">
      <Filter>Source Files</Filter>
    </ClCompile>
    <ClCompile Include="print_format.c">
      <Filter>Source Files</Filter>
    </ClCompile>
    <ClCompile Include="output_demo.c">
      <Filter>Source Files</Filter>
    </ClCompile>
    <ClCompile Include="garbage.c">
      <Filter>Source Files</Filter>
    </ClCompile>
    <ClCompile Include="integer_value.c">
      <Filter>Source Files</Filter>
    </ClCompile>
    <ClCompile Include="number_literal.c">
      <Filter>Source Files</Filter>
    </ClCompile>
    <ClCompile Include="_.c">
      <Filter>Source Files</Filter>
    </ClCompile>
    <ClCompile Include="float_demo.c">
      <Filter>Source Files</Filter>
    </ClCompile>
    <ClCompile Include="string_demo.c">
      <Filter>Source Files</Filter>
    </ClCompile>
    <ClCompile Include="string_with_char_array.c">
      <Filter>Source Files</Filter>
    </ClCompile>
    <ClCompile Include="string.c">
      <Filter>Source Files</Filter>
    </ClCompile>
    <ClCompile Include="judge_variable.c">
      <Filter>Source Files</Filter>
    </ClCompile>
    <ClCompile Include="judge_string.c">
      <Filter>Source Files</Filter>
    </ClCompile>
    <ClCompile Include="abs_api.c">
      <Filter>Source Files</Filter>
    </ClCompile>
    <ClCompile Include="div_mod.c">
      <Filter>Source Files</Filter>
    </ClCompile>
    <ClCompile Include="ceil_floor.c">
      <Filter>Source Files</Filter>
    </ClCompile>
    <ClCompile Include="modf.c">
      <Filter>Source Files</Filter>
    </ClCompile>
    <ClCompile Include="character_escape_sequence.c">
      <Filter>Source Files</Filter>
    </ClCompile>
    <ClCompile Include="immutable.c">
      <Filter>Source Files</Filter>
    </ClCompile>
    <ClCompile Include="const_double_string.c">
      <Filter>Source Files</Filter>
    </ClCompile>
    <ClCompile Include="switch_expression.c">
      <Filter>Source Files</Filter>
    </ClCompile>
    <ClCompile Include="switch.c">
      <Filter>Source Files</Filter>
    </ClCompile>
    <ClCompile Include="switch_statement.c">
      <Filter>Source Files</Filter>
    </ClCompile>
    <ClCompile Include="switch_weather.c">
      <Filter>Source Files</Filter>
    </ClCompile>
    <ClCompile Include="sequence_demo.c">
      <Filter>Source Files</Filter>
    </ClCompile>
    <ClCompile Include="if.c">
      <Filter>Source Files</Filter>
    </ClCompile>
    <ClCompile Include="single_multiple.c">
      <Filter>Source Files</Filter>
    </ClCompile>
    <ClCompile Include="if_demo.c">
      <Filter>Source Files</Filter>
    </ClCompile>
    <ClCompile Include="if_not.c">
      <Filter>Source Files</Filter>
    </ClCompile>
    <ClCompile Include="if_nested.c">
      <Filter>Source Files</Filter>
    </ClCompile>
    <ClCompile Include="if_and.c">
      <Filter>Source Files</Filter>
    </ClCompile>
    <ClCompile Include="else_note.c">
      <Filter>Source Files</Filter>
    </ClCompile>
    <ClCompile Include="else.c">
      <Filter>Source Files</Filter>
    </ClCompile>
    <ClCompile Include="if_else.c">
      <Filter>Source Files</Filter>
    </ClCompile>
    <ClCompile Include="greater_than_equal.c">
      <Filter>Source Files</Filter>
    </ClCompile>
    <ClCompile Include="num_difference.c">
      <Filter>Source Files</Filter>
    </ClCompile>
    <ClCompile Include="char_test.c">
      <Filter>Source Files</Filter>
    </ClCompile>
    <ClCompile Include="else_nested.c">
      <Filter>Source Files</Filter>
    </ClCompile>
    <ClCompile Include="if_else_score_grade.c">
      <Filter>Source Files</Filter>
    </ClCompile>
    <ClCompile Include="if_else_if_else.c">
      <Filter>Source Files</Filter>
    </ClCompile>
    <ClCompile Include="positive_negative_zero.c">
      <Filter>Source Files</Filter>
    </ClCompile>
    <ClCompile Include="else_if.c">
      <Filter>Source Files</Filter>
    </ClCompile>
    <ClCompile Include="score_grade.c">
      <Filter>Source Files</Filter>
    </ClCompile>
    <ClCompile Include="if_else_all.c">
      <Filter>Source Files</Filter>
    </ClCompile>
    <ClCompile Include="alphabet.c">
      <Filter>Source Files</Filter>
    </ClCompile>
    <ClCompile Include="ctype_demo.c">
      <Filter>Source Files</Filter>
    </ClCompile>
    <ClCompile Include="toupper_tolower.c">
      <Filter>Source Files</Filter>
    </ClCompile>
    <ClCompile Include="strcat_strncat.c">
      <Filter>Source Files</Filter>
    </ClCompile>
    <ClCompile Include="strcmp.c">
      <Filter>Source Files</Filter>
    </ClCompile>
    <ClCompile Include="while_description.c">
      <Filter>Source Files</Filter>
    </ClCompile>
    <ClCompile Include="atoi_function.c">
      <Filter>Source Files</Filter>
    </ClCompile>
    <ClCompile Include="atof_function.c">
      <Filter>Source Files</Filter>
    </ClCompile>
    <ClCompile Include="for_description.c">
      <Filter>Source Files</Filter>
    </ClCompile>
    <ClCompile Include="for_description_up.c">
      <Filter>Source Files</Filter>
    </ClCompile>
    <ClCompile Include="for.c">
      <Filter>Source Files</Filter>
    </ClCompile>
    <ClCompile Include="for_increment.c">
      <Filter>Source Files</Filter>
    </ClCompile>
    <ClCompile Include="for_sum.c">
      <Filter>Source Files</Filter>
    </ClCompile>
    <ClCompile Include="for_sum_even.c">
      <Filter>Source Files</Filter>
    </ClCompile>
    <ClCompile Include="sum100.c">
      <Filter>Source Files</Filter>
    </ClCompile>
    <ClCompile Include="for_demo_countdown.c">
      <Filter>Source Files</Filter>
    </ClCompile>
    <ClCompile Include="for_even.c">
      <Filter>Source Files</Filter>
    </ClCompile>
    <ClCompile Include="for_demo.c">
      <Filter>Source Files</Filter>
    </ClCompile>
    <ClCompile Include="for_triangle.c">
      <Filter>Source Files</Filter>
    </ClCompile>
    <ClCompile Include="infinite_loop.c">
      <Filter>Source Files</Filter>
    </ClCompile>
    <ClCompile Include="for_factorial.c">
      <Filter>Source Files</Filter>
    </ClCompile>
    <ClCompile Include="sum_algorithm.c">
      <Filter>Source Files</Filter>
    </ClCompile>
    <ClCompile Include="while_sum.c">
      <Filter>Source Files</Filter>
    </ClCompile>
    <ClCompile Include="while_even.c">
      <Filter>Source Files</Filter>
    </ClCompile>
    <ClCompile Include="while_fibonacci.c">
      <Filter>Source Files</Filter>
    </ClCompile>
    <ClCompile Include="while_demo.c">
      <Filter>Source Files</Filter>
    </ClCompile>
    <ClCompile Include="while_loop.c">
      <Filter>Source Files</Filter>
    </ClCompile>
    <ClCompile Include="while_decrement.c">
      <Filter>Source Files</Filter>
    </ClCompile>
    <ClCompile Include="do_while.c">
      <Filter>Source Files</Filter>
    </ClCompile>
    <ClCompile Include="do_while_sum.c">
      <Filter>Source Files</Filter>
    </ClCompile>
    <ClCompile Include="do_while_demo.c">
      <Filter>Source Files</Filter>
    </ClCompile>
    <ClCompile Include="array_same_index.c">
      <Filter>Source Files</Filter>
    </ClCompile>
    <ClCompile Include="array_sum_average.c">
      <Filter>Source Files</Filter>
    </ClCompile>
    <ClCompile Include="array_three_description.c">
      <Filter>Source Files</Filter>
    </ClCompile>
    <ClCompile Include="array_three.c">
      <Filter>Source Files</Filter>
    </ClCompile>
    <ClCompile Include="array_description.c">
      <Filter>Source Files</Filter>
    </ClCompile>
    <ClCompile Include="array_one1.c">
      <Filter>Source Files</Filter>
    </ClCompile>
    <ClCompile Include="array_one2.c">
      <Filter>Source Files</Filter>
    </ClCompile>
    <ClCompile Include="array_one3.c">
      <Filter>Source Files</Filter>
    </ClCompile>
    <ClCompile Include="array_total_avg.c">
      <Filter>Source Files</Filter>
    </ClCompile>
    <ClCompile Include="struct_practice.c">
      <Filter>Source Files</Filter>
    </ClCompile>
    <ClCompile Include="memory_allocation.c">
      <Filter>Source Files</Filter>
    </ClCompile>
    <ClCompile Include="parameter_out.c">
      <Filter>Source Files</Filter>
    </ClCompile>
    <ClCompile Include="file_open_demo.c">
      <Filter>Source Files</Filter>
    </ClCompile>
    <ClCompile Include="global-variable-int.c">
      <Filter>Source Files</Filter>
    </ClCompile>
    <ClCompile Include="local_variable.c">
      <Filter>Source Files</Filter>
    </ClCompile>
    <ClCompile Include="pointer_variable_five.c">
      <Filter>Source Files</Filter>
    </ClCompile>
    <ClCompile Include="pointer_one_array.c">
      <Filter>Source Files</Filter>
    </ClCompile>
    <ClCompile Include="pointer_array.c">
      <Filter>Source Files</Filter>
    </ClCompile>
    <ClCompile Include="pointer_integer.c">
      <Filter>Source Files</Filter>
    </ClCompile>
    <ClCompile Include="get_ordinal.c">
      <Filter>Source Files</Filter>
    </ClCompile>
    <ClCompile Include="exam-sum-average.c">
      <Filter>Source Files</Filter>
    </ClCompile>
    <ClCompile Include="judge_average.c">
      <Filter>Source Files</Filter>
    </ClCompile>
    <ClCompile Include="judge_digit_number.c">
      <Filter>Source Files</Filter>
    </ClCompile>
    <ClCompile Include="valuetype-referencetype.c">
      <Filter>Source Files</Filter>
    </ClCompile>
    <ClCompile Include="pointer_reference.c">
      <Filter>Source Files</Filter>
    </ClCompile>
    <ClCompile Include="basic_structure.c">
      <Filter>Source Files</Filter>
    </ClCompile>
    <ClCompile Include="string_literal.c">
      <Filter>Source Files</Filter>
    </ClCompile>
    <ClCompile Include="calculation.c">
      <Filter>Source Files</Filter>
    </ClCompile>
    <ClCompile Include="char_array_string.c">
      <Filter>Source Files</Filter>
    </ClCompile>
    <ClCompile Include="char_array_strcpy.c">
      <Filter>Source Files</Filter>
    </ClCompile>
    <ClCompile Include="enum_direction.c">
      <Filter>Source Files</Filter>
    </ClCompile>
    <ClCompile Include="string_toupper.c">
      <Filter>Source Files</Filter>
    </ClCompile>
    <ClCompile Include="string_tolower.c">
      <Filter>Source Files</Filter>
    </ClCompile>
    <ClCompile Include="text_center.c">
      <Filter>Source Files</Filter>
    </ClCompile>
    <ClCompile Include="typedef_keyword.c">
      <Filter>Source Files</Filter>
    </ClCompile>
    <ClCompile Include="if_exam.c">
      <Filter>Source Files</Filter>
    </ClCompile>
    <ClCompile Include="if_practice.c">
      <Filter>Source Files</Filter>
    </ClCompile>
    <ClCompile Include="circle_area.c">
      <Filter>Source Files</Filter>
    </ClCompile>
    <ClCompile Include="compare_two_numbers.c">
      <Filter>Source Files</Filter>
    </ClCompile>
    <ClCompile Include="static_shared.c">
      <Filter>Source Files</Filter>
    </ClCompile>
    <ClCompile Include="auto_scope.c">
      <Filter>Source Files</Filter>
    </ClCompile>
    <ClCompile Include="get_sum_two_number.c">
      <Filter>Source Files</Filter>
    </ClCompile>
    <ClCompile Include="array_input.c">
      <Filter>Source Files</Filter>
    </ClCompile>
    <ClCompile Include="output.c">
      <Filter>Source Files</Filter>
    </ClCompile>
    <ClCompile Include="format_specifier.c">
      <Filter>Source Files</Filter>
    </ClCompile>
    <ClCompile Include="thousands_separator.c">
      <Filter>Source Files</Filter>
    </ClCompile>
    <ClCompile Include="integer_demo.c">
      <Filter>Source Files\06_Number</Filter>
    </ClCompile>
    <ClCompile Include="signed_integer.c">
      <Filter>Source Files\06_Number</Filter>
    </ClCompile>
    <ClCompile Include="integer_type.c">
      <Filter>Source Files\06_Number</Filter>
    </ClCompile>
    <ClCompile Include="integer_size.c">
      <Filter>Source Files\06_Number</Filter>
    </ClCompile>
    <ClCompile Include="integer_overflow.c">
      <Filter>Source Files\06_Number</Filter>
    </ClCompile>
    <ClCompile Include="floating_point.c">
      <Filter>Source Files\06_Number</Filter>
    </ClCompile>
    <ClCompile Include="float_print.c">
      <Filter>Source Files\06_Number</Filter>
    </ClCompile>
    <ClCompile Include="type_def.c">
      <Filter>Source Files\06_Number</Filter>
    </ClCompile>
    <ClCompile Include="bool_demo.c">
      <Filter>Source Files\07_Other</Filter>
    </ClCompile>
    <ClCompile Include="boolean_demo.c">
      <Filter>Source Files\07_Other</Filter>
    </ClCompile>
    <ClCompile Include="output_oneline.c">
      <Filter>Source Files</Filter>
    </ClCompile>
    <ClCompile Include="format_string.c">
      <Filter>Source Files</Filter>
    </ClCompile>
    <ClCompile Include="operator_description.c">
      <Filter>Source Files\09_Operator</Filter>
    </ClCompile>
    <ClCompile Include="unary_operator.c">
      <Filter>Source Files\09_Operator</Filter>
    </ClCompile>
    <ClCompile Include="address_operator.c">
      <Filter>Source Files\09_Operator</Filter>
    </ClCompile>
    <ClCompile Include="casting_operator.c">
      <Filter>Source Files\09_Operator</Filter>
    </ClCompile>
    <ClCompile Include="plus_operator.c">
      <Filter>Source Files\09_Operator</Filter>
    </ClCompile>
    <ClCompile Include="operator_add.c">
      <Filter>Source Files\09_Operator</Filter>
    </ClCompile>
    <ClCompile Include="operator_subtract.c">
      <Filter>Source Files\09_Operator</Filter>
    </ClCompile>
    <ClCompile Include="operator_multiply.c">
      <Filter>Source Files\09_Operator</Filter>
    </ClCompile>
    <ClCompile Include="operator_divide.c">
      <Filter>Source Files\09_Operator</Filter>
    </ClCompile>
    <ClCompile Include="remainder.c">
      <Filter>Source Files\09_Operator</Filter>
    </ClCompile>
    <ClCompile Include="operator_remainder.c">
      <Filter>Source Files\09_Operator</Filter>
    </ClCompile>
    <ClCompile Include="percent_operator.c">
      <Filter>Source Files\09_Operator</Filter>
    </ClCompile>
    <ClCompile Include="operator_arithmetic.c">
      <Filter>Source Files\09_Operator</Filter>
    </ClCompile>
    <ClCompile Include="scanf_arithmetic.c">
      <Filter>Source Files\09_Operator</Filter>
    </ClCompile>
    <ClCompile Include="variable.c">
      <Filter>Source Files\05_Variable</Filter>
    </ClCompile>
    <ClCompile Include="variable_address.c">
      <Filter>Source Files\05_Variable</Filter>
    </ClCompile>
    <ClCompile Include="variable_comma.c">
      <Filter>Source Files\05_Variable</Filter>
    </ClCompile>
    <ClCompile Include="variable_demo.c">
      <Filter>Source Files\05_Variable</Filter>
    </ClCompile>
    <ClCompile Include="variable_initialize.c">
      <Filter>Source Files\05_Variable</Filter>
    </ClCompile>
    <ClCompile Include="variable_note.c">
      <Filter>Source Files\05_Variable</Filter>
    </ClCompile>
    <ClCompile Include="variable_practice.c">
      <Filter>Source Files\05_Variable</Filter>
    </ClCompile>
    <ClCompile Include="variable_same_value.c">
      <Filter>Source Files\05_Variable</Filter>
    </ClCompile>
    <ClCompile Include="variable_pseudo.c">
      <Filter>Source Files\05_Variable</Filter>
    </ClCompile>
    <ClCompile Include="character_demo.c">
      <Filter>Source Files\07_Other</Filter>
    </ClCompile>
    <ClCompile Include="input_integer.c">
      <Filter>Source Files\08_IO</Filter>
    </ClCompile>
    <ClCompile Include="input_two_integer.c">
      <Filter>Source Files\08_IO</Filter>
    </ClCompile>
    <ClCompile Include="input_unsigned_integer.c">
      <Filter>Source Files\08_IO</Filter>
    </ClCompile>
    <ClCompile Include="scanf_multi_line.c">
      <Filter>Source Files\08_IO</Filter>
    </ClCompile>
    <ClCompile Include="assignment_operator.c">
      <Filter>Source Files\10_AssignmentIncrement</Filter>
    </ClCompile>
    <ClCompile Include="swap_demo.c">
      <Filter>Source Files\10_AssignmentIncrement</Filter>
    </ClCompile>
    <ClCompile Include="increment_number.c">
      <Filter>Source Files\10_AssignmentIncrement</Filter>
    </ClCompile>
    <ClCompile Include="increment_operator.c">
      <Filter>Source Files\10_AssignmentIncrement</Filter>
    </ClCompile>
    <ClCompile Include="decrement_operator.c">
      <Filter>Source Files\10_AssignmentIncrement</Filter>
    </ClCompile>
    <ClCompile Include="decrement_number.c">
      <Filter>Source Files\10_AssignmentIncrement</Filter>
    </ClCompile>
    <ClCompile Include="shortcut_operator.c">
      <Filter>Source Files\10_AssignmentIncrement</Filter>
    </ClCompile>
    <ClCompile Include="shortcut_operator_demo.c">
      <Filter>Source Files\10_AssignmentIncrement</Filter>
    </ClCompile>
    <ClCompile Include="prefix_operator.c">
      <Filter>Source Files\10_AssignmentIncrement</Filter>
    </ClCompile>
    <ClCompile Include="postfix_operator.c">
      <Filter>Source Files\10_AssignmentIncrement</Filter>
    </ClCompile>
    <ClCompile Include="relational_operator.c">
      <Filter>Source Files\11-relational-logical</Filter>
    </ClCompile>
    <ClCompile Include="operator_relational.c">
      <Filter>Source Files\11-relational-logical</Filter>
    </ClCompile>
    <ClCompile Include="and_operator.c">
      <Filter>Source Files\11-relational-logical</Filter>
    </ClCompile>
    <ClCompile Include="logical_or.c">
      <Filter>Source Files\11-relational-logical</Filter>
    </ClCompile>
    <ClCompile Include="logical_and.c">
      <Filter>Source Files\11-relational-logical</Filter>
    </ClCompile>
    <ClCompile Include="logical_not.c">
      <Filter>Source Files\11-relational-logical</Filter>
    </ClCompile>
    <ClCompile Include="or_operator.c">
      <Filter>Source Files\11-relational-logical</Filter>
    </ClCompile>
    <ClCompile Include="if_absolute_value.c">
      <Filter>Source Files\13_IfElse</Filter>
    </ClCompile>
    <ClCompile Include="input_name.c">
      <Filter>Source Files\08_IO</Filter>
    </ClCompile>
    <ClCompile Include="input_character.c">
      <Filter>Source Files\08_IO</Filter>
    </ClCompile>
    <ClCompile Include="getchar_putchar.c">
      <Filter>Source Files\08_IO</Filter>
    </ClCompile>
    <ClCompile Include="getchar_function.c">
      <Filter>Source Files\08_IO</Filter>
    </ClCompile>
    <ClCompile Include="getch_function.c">
      <Filter>Source Files\08_IO</Filter>
    </ClCompile>
    <ClCompile Include="getchar_demo.c">
      <Filter>Source Files\08_IO</Filter>
    </ClCompile>
    <ClCompile Include="gets_puts.c">
      <Filter>Source Files\08_IO</Filter>
    </ClCompile>
    <ClCompile Include="char_to_int.c">
      <Filter>Source Files\08_IO</Filter>
    </ClCompile>
    <ClCompile Include="get_number.c">
      <Filter>Source Files\08_IO</Filter>
    </ClCompile>
    <ClCompile Include="rectangle_area.c">
      <Filter>Source Files\08_IO</Filter>
    </ClCompile>
    <ClCompile Include="integer.c">
      <Filter>Source Files\06_Number</Filter>
    </ClCompile>
    <ClCompile Include="integer_type_docs.c">
      <Filter>Source Files\06_Number</Filter>
    </ClCompile>
    <ClCompile Include="unsigned_integer_type.c">
      <Filter>Source Files\06_Number</Filter>
    </ClCompile>
    <ClCompile Include="unsigned_integer_type_docs.c">
      <Filter>Source Files\06_Number</Filter>
    </ClCompile>
    <ClCompile Include="bit_and.c">
      <Filter>Source Files\12_BitShiftConditional</Filter>
    </ClCompile>
    <ClCompile Include="bit_not.c">
      <Filter>Source Files\12_BitShiftConditional</Filter>
    </ClCompile>
    <ClCompile Include="bit_or.c">
      <Filter>Source Files\12_BitShiftConditional</Filter>
    </ClCompile>
    <ClCompile Include="bit_xor.c">
      <Filter>Source Files\12_BitShiftConditional</Filter>
    </ClCompile>
    <ClCompile Include="bitwise_operator.c">
      <Filter>Source Files\12_BitShiftConditional</Filter>
    </ClCompile>
    <ClCompile Include="shift_operator.c">
      <Filter>Source Files\12_BitShiftConditional</Filter>
    </ClCompile>
    <ClCompile Include="bitwise_assignment.c">
      <Filter>Source Files\12_BitShiftConditional</Filter>
    </ClCompile>
    <ClCompile Include="conditional_operator.c">
      <Filter>Source Files\12_BitShiftConditional</Filter>
    </ClCompile>
  </ItemGroup>
</Project>